<?xml version="1.0" encoding="utf-8"?>
<Project ToolsVersion="4.0" xmlns="http://schemas.microsoft.com/developer/msbuild/2003">
  <ItemGroup>
    <ClCompile Include="src/Controlpanel.cpp">
      <Filter>Src</Filter>
    </ClCompile>
    <ClCompile Include="src/CustomDropdown.cpp">
      <Filter>Src</Filter>
    </ClCompile>
    <ClCompile Include="src/dllmain.cpp">
      <Filter>Src</Filter>
    </ClCompile>
    <ClCompile Include="src/Graphics.cpp">
      <Filter>Src</Filter>
    </ClCompile>
    <ClCompile Include="src/Keyselector.cpp">
      <Filter>Src</Filter>
    </ClCompile>
    <ClCompile Include="src/pch.cpp">
      <Filter>Src</Filter>
    </ClCompile>
    <ClCompile Include="src/Slider.cpp">
      <Filter>Src</Filter>
    </ClCompile>
  </ItemGroup>
  <ItemGroup>
    <ClInclude Include="include/Config.hpp">
      <Filter>Include</Filter>
    </ClInclude>
    <ClInclude Include="include/Controlpanel.hpp">
      <Filter>Include</Filter>
    </ClInclude>
    <ClInclude Include="include/CustomDropdown.hpp">
      <Filter>Include</Filter>
    </ClInclude>
    <ClInclude Include="include/framework.h">
      <Filter>Include</Filter>
    </ClInclude>
    <ClInclude Include="include/Graphics.hpp">
      <Filter>Include</Filter>
    </ClInclude>
    <ClInclude Include="include/Keyselector.hpp">
      <Filter>Include</Filter>
    </ClInclude>
    <ClInclude Include="include/pch.h">
      <Filter>Include</Filter>
    </ClInclude>
    <ClInclude Include="include/Slider.hpp">
      <Filter>Include</Filter>
    </ClInclude>
  </ItemGroup>
  <ItemGroup>
    <Filter Include="Include">
      <UniqueIdentifier>{a5c8228c-37b1-4b50-9028-74124ac6fe4c}</UniqueIdentifier>
    </Filter>
    <Filter Include="Src">
      <UniqueIdentifier>{4ec7cd94-b57b-4cc3-b039-1cb0c79104f1}</UniqueIdentifier>
    </Filter>
  </ItemGroup>
</Project>