<?xml version="1.0" encoding="utf-8"?>
<Project ToolsVersion="4.0" xmlns="http://schemas.microsoft.com/developer/msbuild/2003">
  <ItemGroup>
    <ClCompile Include="src/Button.cpp">
      <Filter>src</Filter>
    </ClCompile>
    <ClCompile Include="src/Checkbox.cpp">
      <Filter>src</Filter>
    </ClCompile>
    <ClCompile Include="src/CustomDropdown.cpp">
      <Filter>src</Filter>
    </ClCompile>
    <ClCompile Include="src/Graphics.cpp">
      <Filter>src</Filter>
    </ClCompile>
    <ClCompile Include="src/IntBox.cpp">
      <Filter>src</Filter>
    </ClCompile>
    <ClCompile Include="src/Keyselector.cpp">
      <Filter>src</Filter>
    </ClCompile>
    <ClCompile Include="src/knob.cpp">
      <Filter>src</Filter>
    </ClCompile>
    <ClCompile Include="src/main.cpp">
      <Filter>src</Filter>
    </ClCompile>
    <ClCompile Include="src/PidInput.cpp">
      <Filter>src</Filter>
    </ClCompile>
    <ClCompile Include="src/Renderer.cpp">
      <Filter>src</Filter>
    </ClCompile>
  </ItemGroup>
  <ItemGroup>
    <ClInclude Include="include/Button.hpp">
      <Filter>include</Filter>
    </ClInclude>
    <ClInclude Include="include/Checkbox.hpp">
      <Filter>include</Filter>
    </ClInclude>
    <ClInclude Include="include/Config.hpp">
      <Filter>include</Filter>
    </ClInclude>
    <ClInclude Include="include/CustomDropdown.hpp">
      <Filter>include</Filter>
    </ClInclude>
    <ClInclude Include="include/Graphics.hpp">
      <Filter>include</Filter>
    </ClInclude>
    <ClInclude Include="include/IntBox.hpp">
      <Filter>include</Filter>
    </ClInclude>
    <ClInclude Include="include/Keyselector.hpp">
      <Filter>include</Filter>
    </ClInclude>
    <ClInclude Include="include/knob.hpp">
      <Filter>include</Filter>
    </ClInclude>
    <ClInclude Include="include/PidInput.hpp">
      <Filter>include</Filter>
    </ClInclude>
    <ClInclude Include="include/Renderer.hpp">
      <Filter>include</Filter>
    </ClInclude>
    <ClInclude Include="include/RenderManager.hpp">
      <Filter>include</Filter>
    </ClInclude>
    <ClInclude Include="include/resource.h">
      <Filter>resources</Filter>
    </ClInclude>
  </ItemGroup>
  <ItemGroup>
    <None Include=".gitignore">
      <Filter>git</Filter>
    </None>
    <None Include="readme.md">
      <Filter>git</Filter>
    </None>
  </ItemGroup>
  <ItemGroup>
    <Filter Include="include">
      <UniqueIdentifier>{70b3a43a-3850-4f25-a106-b1e603007330}</UniqueIdentifier>
    </Filter>
    <Filter Include="src">
      <UniqueIdentifier>{856b418b-4b62-400a-b9bf-e6f434575297}</UniqueIdentifier>
    </Filter>
    <Filter Include="resources">
      <UniqueIdentifier>{5eb0a225-8d51-4c3b-85bc-e270e7c0d617}</UniqueIdentifier>
    </Filter>
    <Filter Include="git">
      <UniqueIdentifier>{14c45e5c-c826-4043-941b-214c7173ed34}</UniqueIdentifier>
    </Filter>
  </ItemGroup>
  <ItemGroup>
    <Image Include="resources/Images\icon.ico">
      <Filter>resources</Filter>
    </Image>
  </ItemGroup>
  <ItemGroup>
    <ResourceCompile Include="resources/AutoClicker.rc">
      <Filter>resources</Filter>
    </ResourceCompile>
  </ItemGroup>
</Project>